// !$*UTF8*$!
{
	archiveVersion = 1;
	classes = {
	};
	objectVersion = 50;
	objects = {

/* Begin PBXBuildFile section */
		5DC64B70298DD30E002B7CC9 /* SimpleApplication_cIApp.swift in Sources */ = {isa = PBXBuildFile; fileRef = 5DC64B6F298DD30E002B7CC9 /* SimpleApplication_cIApp.swift */; };
		5DC64B72298DD30E002B7CC9 /* ContentView.swift in Sources */ = {isa = PBXBuildFile; fileRef = 5DC64B71298DD30E002B7CC9 /* ContentView.swift */; };
		5DC64B74298DD31B002B7CC9 /* Assets.xcassets in Resources */ = {isa = PBXBuildFile; fileRef = 5DC64B73298DD31B002B7CC9 /* Assets.xcassets */; };
		5DC64B77298DD31B002B7CC9 /* Preview Assets.xcassets in Resources */ = {isa = PBXBuildFile; fileRef = 5DC64B76298DD31B002B7CC9 /* Preview Assets.xcassets */; };
		5DC64B82298DD31B002B7CC9 /* SimpleApplication_cITests.swift in Sources */ = {isa = PBXBuildFile; fileRef = 5DC64B81298DD31B002B7CC9 /* SimpleApplication_cITests.swift */; };
		5DC64B8D298DD31C002B7CC9 /* SimpleApplication_cIUITests.swift in Sources */ = {isa = PBXBuildFile; fileRef = 5DC64B8C298DD31C002B7CC9 /* SimpleApplication_cIUITests.swift */; };
/* End PBXBuildFile section */

/* Begin PBXContainerItemProxy section */
		5DC64B7E298DD31B002B7CC9 /* PBXContainerItemProxy */ = {
			isa = PBXContainerItemProxy;
			containerPortal = 5DC64B64298DD30E002B7CC9 /* Project object */;
			proxyType = 1;
			remoteGlobalIDString = 5DC64B6B298DD30E002B7CC9;
			remoteInfo = SimpleApplication_cI;
		};
		5DC64B89298DD31B002B7CC9 /* PBXContainerItemProxy */ = {
			isa = PBXContainerItemProxy;
			containerPortal = 5DC64B64298DD30E002B7CC9 /* Project object */;
			proxyType = 1;
			remoteGlobalIDString = 5DC64B6B298DD30E002B7CC9;
			remoteInfo = SimpleApplication_cI;
		};
/* End PBXContainerItemProxy section */

/* Begin PBXFileReference section */
		5DC64B6C298DD30E002B7CC9 /* SimpleApplication_cI.app */ = {isa = PBXFileReference; explicitFileType = wrapper.application; includeInIndex = 0; path = SimpleApplication_cI.app; sourceTree = BUILT_PRODUCTS_DIR; };
		5DC64B6F298DD30E002B7CC9 /* SimpleApplication_cIApp.swift */ = {isa = PBXFileReference; lastKnownFileType = sourcecode.swift; path = SimpleApplication_cIApp.swift; sourceTree = "<group>"; };
		5DC64B71298DD30E002B7CC9 /* ContentView.swift */ = {isa = PBXFileReference; lastKnownFileType = sourcecode.swift; path = ContentView.swift; sourceTree = "<group>"; };
		5DC64B73298DD31B002B7CC9 /* Assets.xcassets */ = {isa = PBXFileReference; lastKnownFileType = folder.assetcatalog; path = Assets.xcassets; sourceTree = "<group>"; };
		5DC64B76298DD31B002B7CC9 /* Preview Assets.xcassets */ = {isa = PBXFileReference; lastKnownFileType = folder.assetcatalog; path = "Preview Assets.xcassets"; sourceTree = "<group>"; };
		5DC64B78298DD31B002B7CC9 /* Info.plist */ = {isa = PBXFileReference; lastKnownFileType = text.plist.xml; path = Info.plist; sourceTree = "<group>"; };
		5DC64B7D298DD31B002B7CC9 /* SimpleApplication_cITests.xctest */ = {isa = PBXFileReference; explicitFileType = wrapper.cfbundle; includeInIndex = 0; path = SimpleApplication_cITests.xctest; sourceTree = BUILT_PRODUCTS_DIR; };
		5DC64B81298DD31B002B7CC9 /* SimpleApplication_cITests.swift */ = {isa = PBXFileReference; lastKnownFileType = sourcecode.swift; path = SimpleApplication_cITests.swift; sourceTree = "<group>"; };
		5DC64B83298DD31B002B7CC9 /* Info.plist */ = {isa = PBXFileReference; lastKnownFileType = text.plist.xml; path = Info.plist; sourceTree = "<group>"; };
		5DC64B88298DD31B002B7CC9 /* SimpleApplication_cIUITests.xctest */ = {isa = PBXFileReference; explicitFileType = wrapper.cfbundle; includeInIndex = 0; path = SimpleApplication_cIUITests.xctest; sourceTree = BUILT_PRODUCTS_DIR; };
		5DC64B8C298DD31C002B7CC9 /* SimpleApplication_cIUITests.swift */ = {isa = PBXFileReference; lastKnownFileType = sourcecode.swift; path = SimpleApplication_cIUITests.swift; sourceTree = "<group>"; };
		5DC64B8E298DD31C002B7CC9 /* Info.plist */ = {isa = PBXFileReference; lastKnownFileType = text.plist.xml; path = Info.plist; sourceTree = "<group>"; };
/* End PBXFileReference section */

/* Begin PBXFrameworksBuildPhase section */
		5DC64B69298DD30E002B7CC9 /* Frameworks */ = {
			isa = PBXFrameworksBuildPhase;
			buildActionMask = 2147483647;
			files = (
			);
			runOnlyForDeploymentPostprocessing = 0;
		};
		5DC64B7A298DD31B002B7CC9 /* Frameworks */ = {
			isa = PBXFrameworksBuildPhase;
			buildActionMask = 2147483647;
			files = (
			);
			runOnlyForDeploymentPostprocessing = 0;
		};
		5DC64B85298DD31B002B7CC9 /* Frameworks */ = {
			isa = PBXFrameworksBuildPhase;
			buildActionMask = 2147483647;
			files = (
			);
			runOnlyForDeploymentPostprocessing = 0;
		};
/* End PBXFrameworksBuildPhase section */

/* Begin PBXGroup section */
		5DC64B63298DD30E002B7CC9 = {
			isa = PBXGroup;
			children = (
				5DC64B6E298DD30E002B7CC9 /* SimpleApplication_cI */,
				5DC64B80298DD31B002B7CC9 /* SimpleApplication_cITests */,
				5DC64B8B298DD31B002B7CC9 /* SimpleApplication_cIUITests */,
				5DC64B6D298DD30E002B7CC9 /* Products */,
			);
			sourceTree = "<group>";
		};
		5DC64B6D298DD30E002B7CC9 /* Products */ = {
			isa = PBXGroup;
			children = (
				5DC64B6C298DD30E002B7CC9 /* SimpleApplication_cI.app */,
				5DC64B7D298DD31B002B7CC9 /* SimpleApplication_cITests.xctest */,
				5DC64B88298DD31B002B7CC9 /* SimpleApplication_cIUITests.xctest */,
			);
			name = Products;
			sourceTree = "<group>";
		};
		5DC64B6E298DD30E002B7CC9 /* SimpleApplication_cI */ = {
			isa = PBXGroup;
			children = (
				5DC64B6F298DD30E002B7CC9 /* SimpleApplication_cIApp.swift */,
				5DC64B71298DD30E002B7CC9 /* ContentView.swift */,
				5DC64B73298DD31B002B7CC9 /* Assets.xcassets */,
				5DC64B78298DD31B002B7CC9 /* Info.plist */,
				5DC64B75298DD31B002B7CC9 /* Preview Content */,
			);
			path = SimpleApplication_cI;
			sourceTree = "<group>";
		};
		5DC64B75298DD31B002B7CC9 /* Preview Content */ = {
			isa = PBXGroup;
			children = (
				5DC64B76298DD31B002B7CC9 /* Preview Assets.xcassets */,
			);
			path = "Preview Content";
			sourceTree = "<group>";
		};
		5DC64B80298DD31B002B7CC9 /* SimpleApplication_cITests */ = {
			isa = PBXGroup;
			children = (
				5DC64B81298DD31B002B7CC9 /* SimpleApplication_cITests.swift */,
				5DC64B83298DD31B002B7CC9 /* Info.plist */,
			);
			path = SimpleApplication_cITests;
			sourceTree = "<group>";
		};
		5DC64B8B298DD31B002B7CC9 /* SimpleApplication_cIUITests */ = {
			isa = PBXGroup;
			children = (
				5DC64B8C298DD31C002B7CC9 /* SimpleApplication_cIUITests.swift */,
				5DC64B8E298DD31C002B7CC9 /* Info.plist */,
			);
			path = SimpleApplication_cIUITests;
			sourceTree = "<group>";
		};
/* End PBXGroup section */

/* Begin PBXNativeTarget section */
		5DC64B6B298DD30E002B7CC9 /* SimpleApplication_cI */ = {
			isa = PBXNativeTarget;
			buildConfigurationList = 5DC64B91298DD31C002B7CC9 /* Build configuration list for PBXNativeTarget "SimpleApplication_cI" */;
			buildPhases = (
				5DC64B68298DD30E002B7CC9 /* Sources */,
				5DC64B69298DD30E002B7CC9 /* Frameworks */,
				5DC64B6A298DD30E002B7CC9 /* Resources */,
			);
			buildRules = (
			);
			dependencies = (
			);
			name = SimpleApplication_cI;
			productName = SimpleApplication_cI;
			productReference = 5DC64B6C298DD30E002B7CC9 /* SimpleApplication_cI.app */;
			productType = "com.apple.product-type.application";
		};
		5DC64B7C298DD31B002B7CC9 /* SimpleApplication_cITests */ = {
			isa = PBXNativeTarget;
			buildConfigurationList = 5DC64B94298DD31C002B7CC9 /* Build configuration list for PBXNativeTarget "SimpleApplication_cITests" */;
			buildPhases = (
				5DC64B79298DD31B002B7CC9 /* Sources */,
				5DC64B7A298DD31B002B7CC9 /* Frameworks */,
				5DC64B7B298DD31B002B7CC9 /* Resources */,
			);
			buildRules = (
			);
			dependencies = (
				5DC64B7F298DD31B002B7CC9 /* PBXTargetDependency */,
			);
			name = SimpleApplication_cITests;
			productName = SimpleApplication_cITests;
			productReference = 5DC64B7D298DD31B002B7CC9 /* SimpleApplication_cITests.xctest */;
			productType = "com.apple.product-type.bundle.unit-test";
		};
		5DC64B87298DD31B002B7CC9 /* SimpleApplication_cIUITests */ = {
			isa = PBXNativeTarget;
			buildConfigurationList = 5DC64B97298DD31C002B7CC9 /* Build configuration list for PBXNativeTarget "SimpleApplication_cIUITests" */;
			buildPhases = (
				5DC64B84298DD31B002B7CC9 /* Sources */,
				5DC64B85298DD31B002B7CC9 /* Frameworks */,
				5DC64B86298DD31B002B7CC9 /* Resources */,
			);
			buildRules = (
			);
			dependencies = (
				5DC64B8A298DD31B002B7CC9 /* PBXTargetDependency */,
			);
			name = SimpleApplication_cIUITests;
			productName = SimpleApplication_cIUITests;
			productReference = 5DC64B88298DD31B002B7CC9 /* SimpleApplication_cIUITests.xctest */;
			productType = "com.apple.product-type.bundle.ui-testing";
		};
/* End PBXNativeTarget section */

/* Begin PBXProject section */
		5DC64B64298DD30E002B7CC9 /* Project object */ = {
			isa = PBXProject;
			attributes = {
				LastSwiftUpdateCheck = 1230;
				LastUpgradeCheck = 1230;
				TargetAttributes = {
					5DC64B6B298DD30E002B7CC9 = {
						CreatedOnToolsVersion = 12.3;
					};
					5DC64B7C298DD31B002B7CC9 = {
						CreatedOnToolsVersion = 12.3;
						TestTargetID = 5DC64B6B298DD30E002B7CC9;
					};
					5DC64B87298DD31B002B7CC9 = {
						CreatedOnToolsVersion = 12.3;
						TestTargetID = 5DC64B6B298DD30E002B7CC9;
					};
				};
			};
			buildConfigurationList = 5DC64B67298DD30E002B7CC9 /* Build configuration list for PBXProject "SimpleApplication_cI" */;
			compatibilityVersion = "Xcode 9.3";
			developmentRegion = en;
			hasScannedForEncodings = 0;
			knownRegions = (
				en,
				Base,
			);
			mainGroup = 5DC64B63298DD30E002B7CC9;
			productRefGroup = 5DC64B6D298DD30E002B7CC9 /* Products */;
			projectDirPath = "";
			projectRoot = "";
			targets = (
				5DC64B6B298DD30E002B7CC9 /* SimpleApplication_cI */,
				5DC64B7C298DD31B002B7CC9 /* SimpleApplication_cITests */,
				5DC64B87298DD31B002B7CC9 /* SimpleApplication_cIUITests */,
			);
		};
/* End PBXProject section */

/* Begin PBXResourcesBuildPhase section */
		5DC64B6A298DD30E002B7CC9 /* Resources */ = {
			isa = PBXResourcesBuildPhase;
			buildActionMask = 2147483647;
			files = (
				5DC64B77298DD31B002B7CC9 /* Preview Assets.xcassets in Resources */,
				5DC64B74298DD31B002B7CC9 /* Assets.xcassets in Resources */,
			);
			runOnlyForDeploymentPostprocessing = 0;
		};
		5DC64B7B298DD31B002B7CC9 /* Resources */ = {
			isa = PBXResourcesBuildPhase;
			buildActionMask = 2147483647;
			files = (
			);
			runOnlyForDeploymentPostprocessing = 0;
		};
		5DC64B86298DD31B002B7CC9 /* Resources */ = {
			isa = PBXResourcesBuildPhase;
			buildActionMask = 2147483647;
			files = (
			);
			runOnlyForDeploymentPostprocessing = 0;
		};
/* End PBXResourcesBuildPhase section */

/* Begin PBXSourcesBuildPhase section */
		5DC64B68298DD30E002B7CC9 /* Sources */ = {
			isa = PBXSourcesBuildPhase;
			buildActionMask = 2147483647;
			files = (
				5DC64B72298DD30E002B7CC9 /* ContentView.swift in Sources */,
				5DC64B70298DD30E002B7CC9 /* SimpleApplication_cIApp.swift in Sources */,
			);
			runOnlyForDeploymentPostprocessing = 0;
		};
		5DC64B79298DD31B002B7CC9 /* Sources */ = {
			isa = PBXSourcesBuildPhase;
			buildActionMask = 2147483647;
			files = (
				5DC64B82298DD31B002B7CC9 /* SimpleApplication_cITests.swift in Sources */,
			);
			runOnlyForDeploymentPostprocessing = 0;
		};
		5DC64B84298DD31B002B7CC9 /* Sources */ = {
			isa = PBXSourcesBuildPhase;
			buildActionMask = 2147483647;
			files = (
				5DC64B8D298DD31C002B7CC9 /* SimpleApplication_cIUITests.swift in Sources */,
			);
			runOnlyForDeploymentPostprocessing = 0;
		};
/* End PBXSourcesBuildPhase section */

/* Begin PBXTargetDependency section */
		5DC64B7F298DD31B002B7CC9 /* PBXTargetDependency */ = {
			isa = PBXTargetDependency;
			target = 5DC64B6B298DD30E002B7CC9 /* SimpleApplication_cI */;
			targetProxy = 5DC64B7E298DD31B002B7CC9 /* PBXContainerItemProxy */;
		};
		5DC64B8A298DD31B002B7CC9 /* PBXTargetDependency */ = {
			isa = PBXTargetDependency;
			target = 5DC64B6B298DD30E002B7CC9 /* SimpleApplication_cI */;
			targetProxy = 5DC64B89298DD31B002B7CC9 /* PBXContainerItemProxy */;
		};
/* End PBXTargetDependency section */

/* Begin XCBuildConfiguration section */
		5DC64B8F298DD31C002B7CC9 /* Debug */ = {
			isa = XCBuildConfiguration;
			buildSettings = {
				ALWAYS_SEARCH_USER_PATHS = NO;
				CLANG_ANALYZER_NONNULL = YES;
				CLANG_ANALYZER_NUMBER_OBJECT_CONVERSION = YES_AGGRESSIVE;
				CLANG_CXX_LANGUAGE_STANDARD = "gnu++14";
				CLANG_CXX_LIBRARY = "libc++";
				CLANG_ENABLE_MODULES = YES;
				CLANG_ENABLE_OBJC_ARC = YES;
				CLANG_ENABLE_OBJC_WEAK = YES;
				CLANG_WARN_BLOCK_CAPTURE_AUTORELEASING = YES;
				CLANG_WARN_BOOL_CONVERSION = YES;
				CLANG_WARN_COMMA = YES;
				CLANG_WARN_CONSTANT_CONVERSION = YES;
				CLANG_WARN_DEPRECATED_OBJC_IMPLEMENTATIONS = YES;
				CLANG_WARN_DIRECT_OBJC_ISA_USAGE = YES_ERROR;
				CLANG_WARN_DOCUMENTATION_COMMENTS = YES;
				CLANG_WARN_EMPTY_BODY = YES;
				CLANG_WARN_ENUM_CONVERSION = YES;
				CLANG_WARN_INFINITE_RECURSION = YES;
				CLANG_WARN_INT_CONVERSION = YES;
				CLANG_WARN_NON_LITERAL_NULL_CONVERSION = YES;
				CLANG_WARN_OBJC_IMPLICIT_RETAIN_SELF = YES;
				CLANG_WARN_OBJC_LITERAL_CONVERSION = YES;
				CLANG_WARN_OBJC_ROOT_CLASS = YES_ERROR;
				CLANG_WARN_QUOTED_INCLUDE_IN_FRAMEWORK_HEADER = YES;
				CLANG_WARN_RANGE_LOOP_ANALYSIS = YES;
				CLANG_WARN_STRICT_PROTOTYPES = YES;
				CLANG_WARN_SUSPICIOUS_MOVE = YES;
				CLANG_WARN_UNGUARDED_AVAILABILITY = YES_AGGRESSIVE;
				CLANG_WARN_UNREACHABLE_CODE = YES;
				CLANG_WARN__DUPLICATE_METHOD_MATCH = YES;
				COPY_PHASE_STRIP = NO;
				DEBUG_INFORMATION_FORMAT = dwarf;
				ENABLE_STRICT_OBJC_MSGSEND = YES;
				ENABLE_TESTABILITY = YES;
				GCC_C_LANGUAGE_STANDARD = gnu11;
				GCC_DYNAMIC_NO_PIC = NO;
				GCC_NO_COMMON_BLOCKS = YES;
				GCC_OPTIMIZATION_LEVEL = 0;
				GCC_PREPROCESSOR_DEFINITIONS = (
					"DEBUG=1",
					"$(inherited)",
				);
				GCC_WARN_64_TO_32_BIT_CONVERSION = YES;
				GCC_WARN_ABOUT_RETURN_TYPE = YES_ERROR;
				GCC_WARN_UNDECLARED_SELECTOR = YES;
				GCC_WARN_UNINITIALIZED_AUTOS = YES_AGGRESSIVE;
				GCC_WARN_UNUSED_FUNCTION = YES;
				GCC_WARN_UNUSED_VARIABLE = YES;
				IPHONEOS_DEPLOYMENT_TARGET = 14.3;
				MTL_ENABLE_DEBUG_INFO = INCLUDE_SOURCE;
				MTL_FAST_MATH = YES;
				ONLY_ACTIVE_ARCH = YES;
				SDKROOT = iphoneos;
				SWIFT_ACTIVE_COMPILATION_CONDITIONS = DEBUG;
				SWIFT_OPTIMIZATION_LEVEL = "-Onone";
			};
			name = Debug;
		};
		5DC64B90298DD31C002B7CC9 /* Release */ = {
			isa = XCBuildConfiguration;
			buildSettings = {
				ALWAYS_SEARCH_USER_PATHS = NO;
				CLANG_ANALYZER_NONNULL = YES;
				CLANG_ANALYZER_NUMBER_OBJECT_CONVERSION = YES_AGGRESSIVE;
				CLANG_CXX_LANGUAGE_STANDARD = "gnu++14";
				CLANG_CXX_LIBRARY = "libc++";
				CLANG_ENABLE_MODULES = YES;
				CLANG_ENABLE_OBJC_ARC = YES;
				CLANG_ENABLE_OBJC_WEAK = YES;
				CLANG_WARN_BLOCK_CAPTURE_AUTORELEASING = YES;
				CLANG_WARN_BOOL_CONVERSION = YES;
				CLANG_WARN_COMMA = YES;
				CLANG_WARN_CONSTANT_CONVERSION = YES;
				CLANG_WARN_DEPRECATED_OBJC_IMPLEMENTATIONS = YES;
				CLANG_WARN_DIRECT_OBJC_ISA_USAGE = YES_ERROR;
				CLANG_WARN_DOCUMENTATION_COMMENTS = YES;
				CLANG_WARN_EMPTY_BODY = YES;
				CLANG_WARN_ENUM_CONVERSION = YES;
				CLANG_WARN_INFINITE_RECURSION = YES;
				CLANG_WARN_INT_CONVERSION = YES;
				CLANG_WARN_NON_LITERAL_NULL_CONVERSION = YES;
				CLANG_WARN_OBJC_IMPLICIT_RETAIN_SELF = YES;
				CLANG_WARN_OBJC_LITERAL_CONVERSION = YES;
				CLANG_WARN_OBJC_ROOT_CLASS = YES_ERROR;
				CLANG_WARN_QUOTED_INCLUDE_IN_FRAMEWORK_HEADER = YES;
				CLANG_WARN_RANGE_LOOP_ANALYSIS = YES;
				CLANG_WARN_STRICT_PROTOTYPES = YES;
				CLANG_WARN_SUSPICIOUS_MOVE = YES;
				CLANG_WARN_UNGUARDED_AVAILABILITY = YES_AGGRESSIVE;
				CLANG_WARN_UNREACHABLE_CODE = YES;
				CLANG_WARN__DUPLICATE_METHOD_MATCH = YES;
				COPY_PHASE_STRIP = NO;
				DEBUG_INFORMATION_FORMAT = "dwarf-with-dsym";
				ENABLE_NS_ASSERTIONS = NO;
				ENABLE_STRICT_OBJC_MSGSEND = YES;
				GCC_C_LANGUAGE_STANDARD = gnu11;
				GCC_NO_COMMON_BLOCKS = YES;
				GCC_WARN_64_TO_32_BIT_CONVERSION = YES;
				GCC_WARN_ABOUT_RETURN_TYPE = YES_ERROR;
				GCC_WARN_UNDECLARED_SELECTOR = YES;
				GCC_WARN_UNINITIALIZED_AUTOS = YES_AGGRESSIVE;
				GCC_WARN_UNUSED_FUNCTION = YES;
				GCC_WARN_UNUSED_VARIABLE = YES;
				IPHONEOS_DEPLOYMENT_TARGET = 14.3;
				MTL_ENABLE_DEBUG_INFO = NO;
				MTL_FAST_MATH = YES;
				SDKROOT = iphoneos;
				SWIFT_COMPILATION_MODE = wholemodule;
				SWIFT_OPTIMIZATION_LEVEL = "-O";
				VALIDATE_PRODUCT = YES;
			};
			name = Release;
		};
		5DC64B92298DD31C002B7CC9 /* Debug */ = {
			isa = XCBuildConfiguration;
			buildSettings = {
				ASSETCATALOG_COMPILER_APPICON_NAME = AppIcon;
				ASSETCATALOG_COMPILER_GLOBAL_ACCENT_COLOR_NAME = AccentColor;
				CODE_SIGN_STYLE = Automatic;
				DEVELOPMENT_ASSET_PATHS = "\"SimpleApplication_cI/Preview Content\"";
				DEVELOPMENT_TEAM = 3B7FASUTN7;
				ENABLE_PREVIEWS = YES;
				INFOPLIST_FILE = SimpleApplication_cI/Info.plist;
				IPHONEOS_DEPLOYMENT_TARGET = 14.0;
				LD_RUNPATH_SEARCH_PATHS = (
					"$(inherited)",
					"@executable_path/Frameworks",
				);
				PRODUCT_BUNDLE_IDENTIFIER = "com.rehan.SimpleApplication-cI";
				PRODUCT_NAME = "$(TARGET_NAME)";
				SWIFT_VERSION = 5.0;
				TARGETED_DEVICE_FAMILY = "1,2";
			};
			name = Debug;
		};
		5DC64B93298DD31C002B7CC9 /* Release */ = {
			isa = XCBuildConfiguration;
			buildSettings = {
				ASSETCATALOG_COMPILER_APPICON_NAME = AppIcon;
				ASSETCATALOG_COMPILER_GLOBAL_ACCENT_COLOR_NAME = AccentColor;
				CODE_SIGN_STYLE = Automatic;
				DEVELOPMENT_ASSET_PATHS = "\"SimpleApplication_cI/Preview Content\"";
				DEVELOPMENT_TEAM = 3B7FASUTN7;
				ENABLE_PREVIEWS = YES;
				INFOPLIST_FILE = SimpleApplication_cI/Info.plist;
				IPHONEOS_DEPLOYMENT_TARGET = 14.0;
				LD_RUNPATH_SEARCH_PATHS = (
					"$(inherited)",
					"@executable_path/Frameworks",
				);
				PRODUCT_BUNDLE_IDENTIFIER = "com.rehan.SimpleApplication-cI";
				PRODUCT_NAME = "$(TARGET_NAME)";
				SWIFT_VERSION = 5.0;
				TARGETED_DEVICE_FAMILY = "1,2";
			};
			name = Release;
		};
		5DC64B95298DD31C002B7CC9 /* Debug */ = {
			isa = XCBuildConfiguration;
			buildSettings = {
				ALWAYS_EMBED_SWIFT_STANDARD_LIBRARIES = YES;
				BUNDLE_LOADER = "$(TEST_HOST)";
				CODE_SIGN_STYLE = Automatic;
				DEVELOPMENT_TEAM = 3B7FASUTN7;
				INFOPLIST_FILE = SimpleApplication_cITests/Info.plist;
				IPHONEOS_DEPLOYMENT_TARGET = 14.0;
				LD_RUNPATH_SEARCH_PATHS = (
					"$(inherited)",
					"@executable_path/Frameworks",
					"@loader_path/Frameworks",
				);
				PRODUCT_BUNDLE_IDENTIFIER = "com.rehan.SimpleApplication-cITests";
				PRODUCT_NAME = "$(TARGET_NAME)";
				SWIFT_VERSION = 5.0;
				TARGETED_DEVICE_FAMILY = "1,2";
				TEST_HOST = "$(BUILT_PRODUCTS_DIR)/SimpleApplication_cI.app/SimpleApplication_cI";
			};
			name = Debug;
		};
		5DC64B96298DD31C002B7CC9 /* Release */ = {
			isa = XCBuildConfiguration;
			buildSettings = {
				ALWAYS_EMBED_SWIFT_STANDARD_LIBRARIES = YES;
				BUNDLE_LOADER = "$(TEST_HOST)";
				CODE_SIGN_STYLE = Automatic;
				DEVELOPMENT_TEAM = 3B7FASUTN7;
				INFOPLIST_FILE = SimpleApplication_cITests/Info.plist;
				IPHONEOS_DEPLOYMENT_TARGET = 14.0;
				LD_RUNPATH_SEARCH_PATHS = (
					"$(inherited)",
					"@executable_path/Frameworks",
					"@loader_path/Frameworks",
				);
				PRODUCT_BUNDLE_IDENTIFIER = "com.rehan.SimpleApplication-cITests";
				PRODUCT_NAME = "$(TARGET_NAME)";
				SWIFT_VERSION = 5.0;
				TARGETED_DEVICE_FAMILY = "1,2";
				TEST_HOST = "$(BUILT_PRODUCTS_DIR)/SimpleApplication_cI.app/SimpleApplication_cI";
			};
			name = Release;
		};
		5DC64B98298DD31C002B7CC9 /* Debug */ = {
			isa = XCBuildConfiguration;
			buildSettings = {
				ALWAYS_EMBED_SWIFT_STANDARD_LIBRARIES = YES;
				CODE_SIGN_STYLE = Automatic;
				DEVELOPMENT_TEAM = 3B7FASUTN7;
				INFOPLIST_FILE = SimpleApplication_cIUITests/Info.plist;
				LD_RUNPATH_SEARCH_PATHS = (
					"$(inherited)",
					"@executable_path/Frameworks",
					"@loader_path/Frameworks",
				);
				PRODUCT_BUNDLE_IDENTIFIER = "com.rehan.SimpleApplication-cIUITests";
				PRODUCT_NAME = "$(TARGET_NAME)";
				SWIFT_VERSION = 5.0;
				TARGETED_DEVICE_FAMILY = "1,2";
				TEST_TARGET_NAME = SimpleApplication_cI;
			};
			name = Debug;
		};
		5DC64B99298DD31C002B7CC9 /* Release */ = {
			isa = XCBuildConfiguration;
			buildSettings = {
				ALWAYS_EMBED_SWIFT_STANDARD_LIBRARIES = YES;
				CODE_SIGN_STYLE = Automatic;
				DEVELOPMENT_TEAM = 3B7FASUTN7;
				INFOPLIST_FILE = SimpleApplication_cIUITests/Info.plist;
				LD_RUNPATH_SEARCH_PATHS = (
					"$(inherited)",
					"@executable_path/Frameworks",
					"@loader_path/Frameworks",
				);
				PRODUCT_BUNDLE_IDENTIFIER = "com.rehan.SimpleApplication-cIUITests";
				PRODUCT_NAME = "$(TARGET_NAME)";
				SWIFT_VERSION = 5.0;
				TARGETED_DEVICE_FAMILY = "1,2";
				TEST_TARGET_NAME = SimpleApplication_cI;
			};
			name = Release;
		};
/* End XCBuildConfiguration section */

/* Begin XCConfigurationList section */
		5DC64B67298DD30E002B7CC9 /* Build configuration list for PBXProject "SimpleApplication_cI" */ = {
			isa = XCConfigurationList;
			buildConfigurations = (
				5DC64B8F298DD31C002B7CC9 /* Debug */,
				5DC64B90298DD31C002B7CC9 /* Release */,
			);
			defaultConfigurationIsVisible = 0;
			defaultConfigurationName = Release;
		};
		5DC64B91298DD31C002B7CC9 /* Build configuration list for PBXNativeTarget "SimpleApplication_cI" */ = {
			isa = XCConfigurationList;
			buildConfigurations = (
				5DC64B92298DD31C002B7CC9 /* Debug */,
				5DC64B93298DD31C002B7CC9 /* Release */,
			);
			defaultConfigurationIsVisible = 0;
			defaultConfigurationName = Release;
		};
		5DC64B94298DD31C002B7CC9 /* Build configuration list for PBXNativeTarget "SimpleApplication_cITests" */ = {
			isa = XCConfigurationList;
			buildConfigurations = (
				5DC64B95298DD31C002B7CC9 /* Debug */,
				5DC64B96298DD31C002B7CC9 /* Release */,
			);
			defaultConfigurationIsVisible = 0;
			defaultConfigurationName = Release;
		};
		5DC64B97298DD31C002B7CC9 /* Build configuration list for PBXNativeTarget "SimpleApplication_cIUITests" */ = {
			isa = XCConfigurationList;
			buildConfigurations = (
				5DC64B98298DD31C002B7CC9 /* Debug */,
				5DC64B99298DD31C002B7CC9 /* Release */,
			);
			defaultConfigurationIsVisible = 0;
			defaultConfigurationName = Release;
		};
/* End XCConfigurationList section */
	};
	rootObject = 5DC64B64298DD30E002B7CC9 /* Project object */;
}
